
Microsoft Visual Studio Solution File, Format Version 12.00
# Visual Studio 15
VisualStudioVersion = 15.0.27428.2027
MinimumVisualStudioVersion = 10.0.40219.1
Project("{FAE04EC0-301F-11D3-BF4B-00C04F79EFBC}") = "SimpleBidding", "WebApplication1\SimpleBidding.csproj", "{05883BFA-994D-47A3-ACC4-D0ACE6F25A4B}"
EndProject
Global
	GlobalSection(SolutionConfigurationPlatforms) = preSolution
		Debug|Any CPU = Debug|Any CPU
		Release|Any CPU = Release|Any CPU
	EndGlobalSection
	GlobalSection(ProjectConfigurationPlatforms) = postSolution
		{05883BFA-994D-47A3-ACC4-D0ACE6F25A4B}.Debug|Any CPU.ActiveCfg = Debug|Any CPU
		{05883BFA-994D-47A3-ACC4-D0ACE6F25A4B}.Debug|Any CPU.Build.0 = Debug|Any CPU
		{05883BFA-994D-47A3-ACC4-D0ACE6F25A4B}.Release|Any CPU.ActiveCfg = Release|Any CPU
		{05883BFA-994D-47A3-ACC4-D0ACE6F25A4B}.Release|Any CPU.Build.0 = Release|Any CPU
	EndGlobalSection
	GlobalSection(SolutionProperties) = preSolution
		HideSolutionNode = FALSE
	EndGlobalSection
	GlobalSection(ExtensibilityGlobals) = postSolution
		SolutionGuid = {B6BA23C4-93A9-4251-AED0-7DC0E0C25AED}
	EndGlobalSection
EndGlobal
